
Microsoft Visual Studio Solution File, Format Version 12.00
# Visual Studio Version 16
VisualStudioVersion = 16.0.31911.196
MinimumVisualStudioVersion = 10.0.40219.1
Project("{FAE04EC0-301F-11D3-BF4B-00C04F79EFBC}") = "pr8_chel", "pr8_chel\pr8_chel.csproj", "{96D38410-531A-4115-8514-17D9D8B67959}"
EndProject
Global
	GlobalSection(SolutionConfigurationPlatforms) = preSolution
		Debug|Any CPU = Debug|Any CPU
		Release|Any CPU = Release|Any CPU
	EndGlobalSection
	GlobalSection(ProjectConfigurationPlatforms) = postSolution
		{96D38410-531A-4115-8514-17D9D8B67959}.Debug|Any CPU.ActiveCfg = Debug|Any CPU
		{96D38410-531A-4115-8514-17D9D8B67959}.Debug|Any CPU.Build.0 = Debug|Any CPU
		{96D38410-531A-4115-8514-17D9D8B67959}.Release|Any CPU.ActiveCfg = Release|Any CPU
		{96D38410-531A-4115-8514-17D9D8B67959}.Release|Any CPU.Build.0 = Release|Any CPU
	EndGlobalSection
	GlobalSection(SolutionProperties) = preSolution
		HideSolutionNode = FALSE
	EndGlobalSection
	GlobalSection(ExtensibilityGlobals) = postSolution
		SolutionGuid = {A6C10E7F-E08E-4EB9-B7FD-597C24736A82}
	EndGlobalSection
EndGlobal
